
Microsoft Visual Studio Solution File, Format Version 12.00
# Visual Studio Version 16
VisualStudioVersion = 16.0.31605.320
MinimumVisualStudioVersion = 10.0.40219.1
Project("{FAE04EC0-301F-11D3-BF4B-00C04F79EFBC}") = "UserUpdater", "UserUpdater\UserUpdater.csproj", "{3A1288A8-DC5C-46B4-8B91-5AAEE0F1E9D2}"
EndProject
Project("{FAE04EC0-301F-11D3-BF4B-00C04F79EFBC}") = "UnitTestProject", "UnitTestProject\UnitTestProject.csproj", "{0214F37C-4940-451D-8793-407393D5B5EB}"
EndProject
Global
	GlobalSection(SolutionConfigurationPlatforms) = preSolution
		Debug|Any CPU = Debug|Any CPU
		Release|Any CPU = Release|Any CPU
	EndGlobalSection
	GlobalSection(ProjectConfigurationPlatforms) = postSolution
		{3A1288A8-DC5C-46B4-8B91-5AAEE0F1E9D2}.Debug|Any CPU.ActiveCfg = Debug|Any CPU
		{3A1288A8-DC5C-46B4-8B91-5AAEE0F1E9D2}.Debug|Any CPU.Build.0 = Debug|Any CPU
		{3A1288A8-DC5C-46B4-8B91-5AAEE0F1E9D2}.Release|Any CPU.ActiveCfg = Release|Any CPU
		{3A1288A8-DC5C-46B4-8B91-5AAEE0F1E9D2}.Release|Any CPU.Build.0 = Release|Any CPU
		{0214F37C-4940-451D-8793-407393D5B5EB}.Debug|Any CPU.ActiveCfg = Debug|Any CPU
		{0214F37C-4940-451D-8793-407393D5B5EB}.Debug|Any CPU.Build.0 = Debug|Any CPU
		{0214F37C-4940-451D-8793-407393D5B5EB}.Release|Any CPU.ActiveCfg = Release|Any CPU
		{0214F37C-4940-451D-8793-407393D5B5EB}.Release|Any CPU.Build.0 = Release|Any CPU
	EndGlobalSection
	GlobalSection(SolutionProperties) = preSolution
		HideSolutionNode = FALSE
	EndGlobalSection
	GlobalSection(ExtensibilityGlobals) = postSolution
		SolutionGuid = {78503FEE-07A5-49D6-8B2E-EEEB04E1D07A}
	EndGlobalSection
EndGlobal
